# This file was autogenerated by Stack.
# You should not edit this file by hand.
# For more information, please see the documentation at:
#   https://docs.haskellstack.org/en/stable/lock_files

packages: []
snapshots:
- completed:
    size: 516882
    url: https://raw.githubusercontent.com/commercialhaskell/stackage-snapshots/master/nightly/2020/4/28.yaml
    sha256: 829ac4d3f657ab05da0fbe064b946685508920c798807a79ac199f6e5f3bb8dd
  original: nightly-2020-04-28
